{
  "nodes": {
    "accela": {
      "flake": false,
      "locked": {
        "narHash": "sha256-tAyIIBbqVLP9c1WpUjFUsVYmGdRg6kz4vXqLXXJpPEk=",
        "type": "file",
        "url": "https://github.com/ciscosweater/enter-the-wired/releases/download/latest/deps.tar.gz"
      },
      "original": {
        "type": "file",
        "url": "https://github.com/ciscosweater/enter-the-wired/releases/download/latest/deps.tar.gz"
      }
    },
    "cloudredirect": {
      "flake": false,
      "locked": {
        "narHash": "sha256-885yi32OEso1apSVNV9tdvSwx4tk+Taywrwfp9R6PPg=",
        "type": "file",
        "url": "https://github.com/Selectively11/CloudRedirect/releases/latest/download/cloud_redirect.so"
      },
      "original": {
        "type": "file",
        "url": "https://github.com/Selectively11/CloudRedirect/releases/latest/download/cloud_redirect.so"
      }
    },
    "cloudredirect-cli": {
      "flake": false,
      "locked": {
        "narHash": "sha256-694YaLIyMi1YZ06iuDiUlK9qW3zLuax9ghjRhMlOCU0=",
        "type": "file",
        "url": "https://github.com/Selectively11/h3adcr-b/releases/download/linux-test/cloud_redirect_cli"
      },
      "original": {
        "type": "file",
        "url": "https://github.com/Selectively11/h3adcr-b/releases/download/linux-test/cloud_redirect_cli"
      }
    },
    "cloudredirect-moon": {
      "flake": false,
      "locked": {
        "lastModified": 1786461318,
        "narHash": "sha256-iMf3iBPDJStVarW1PNEcrBYF0cd83T9FeSsWd6iaEgc=",
        "owner": "swwayps",
        "repo": "cloudredirect-moon",
        "rev": "f07a3f59fec0e8bf086e8951e404f373c3bc8dd9",
        "type": "github"
      },
      "original": {
        "owner": "swwayps",
        "repo": "cloudredirect-moon",
        "type": "github"
      }
    },
    "disko": {
      "inputs": {
        "nixpkgs": [
          "nixpkgs"
        ]
      },
      "locked": {
        "lastModified": 1781152676,
        "narHash": "sha256-RxWs5ND31KzTG7wvMM+PMfUjyNpmIEr999lqNARaM5o=",
        "owner": "nix-community",
        "repo": "disko",
        "rev": "ff8702b4de27f72b4c78573dfb89ec74e36abdf1",
        "type": "github"
      },
      "original": {
        "owner": "nix-community",
        "repo": "disko",
        "type": "github"
      }
    },
    "flake-compat": {
      "flake": false,
      "locked": {
        "lastModified": 1767039857,
        "narHash": "sha256-vNpUSpF5Nuw8xvDLj2KCwwksIbjua2LZCqhV1LNRDns=",
        "owner": "NixOS",
        "repo": "flake-compat",
        "rev": "5edf11c44bc78a0d334f6334cdaf7d60d732daab",
        "type": "github"
      },
      "original": {
        "owner": "NixOS",
        "repo": "flake-compat",
        "type": "github"
      }
    },
    "flake-parts": {
      "inputs": {
        "nixpkgs-lib": "nixpkgs-lib"
      },
      "locked": {
        "lastModified": 1785627969,
        "narHash": "sha256-4dtXQk/NMePegK/nWp5NSeuZKLATItOq61lpEvmXqGw=",
        "owner": "hercules-ci",
        "repo": "flake-parts",
        "rev": "427bf4bd9435fdf21321c8cc628c24efc14c0f7a",
        "type": "github"
      },
      "original": {
        "owner": "hercules-ci",
        "repo": "flake-parts",
        "type": "github"
      }
    },
    "flake-parts_2": {
      "inputs": {
        "nixpkgs-lib": "nixpkgs-lib_2"
      },
      "locked": {
        "lastModified": 1785627969,
        "narHash": "sha256-4dtXQk/NMePegK/nWp5NSeuZKLATItOq61lpEvmXqGw=",
        "owner": "hercules-ci",
        "repo": "flake-parts",
        "rev": "427bf4bd9435fdf21321c8cc628c24efc14c0f7a",
        "type": "github"
      },
      "original": {
        "owner": "hercules-ci",
        "repo": "flake-parts",
        "type": "github"
      }
    },
    "import-tree": {
      "locked": {
        "lastModified": 1784254960,
        "narHash": "sha256-iI88R3wHz8wTKQb5orvpc51L/Xr64AJyxid/0MKa/b8=",
        "owner": "vic",
        "repo": "import-tree",
        "rev": "4ebb10ae17d5f1ad366e7aef5b92cb8eecf24f69",
        "type": "github"
      },
      "original": {
        "owner": "vic",
        "repo": "import-tree",
        "type": "github"
      }
    },
    "luatools-moon": {
      "flake": false,
      "locked": {
        "lastModified": 1786929252,
        "narHash": "sha256-iIm9tNW7PenZ+MZ3tt7n8E5300NQDf8faPUfCpSrb1k=",
        "owner": "swwayps",
        "repo": "luatools-moon",
        "rev": "c8c102a9f19a0b32435cf939304f7856005856c1",
        "type": "github"
      },
      "original": {
        "owner": "swwayps",
        "repo": "luatools-moon",
        "type": "github"
      }
    },
    "lumen": {
      "flake": false,
      "locked": {
        "lastModified": 1786755166,
        "narHash": "sha256-B2m3bscR35tNgdExll5UE7AuKb86cZ0I4IcLFBSf9VY=",
        "owner": "swwayps",
        "repo": "lumen",
        "rev": "8840f60d8b55515c0a38146951dc7d2615c5d00b",
        "type": "github"
      },
      "original": {
        "owner": "swwayps",
        "repo": "lumen",
        "type": "github"
      }
    },
    "millennium": {
      "inputs": {
        "millennium-src": "millennium-src",
        "nixpkgs": "nixpkgs_3"
      },
      "locked": {
        "dir": "packages/nix",
        "lastModified": 1786997133,
        "narHash": "sha256-oefvOIPUZEQ9hHguR6kL0z1hR27ZbrFMclfQMI2KYAc=",
        "owner": "SteamClientHomebrew",
        "repo": "Millennium",
        "rev": "a969edf744f9c82a96f80081e910e16bfc6b9dd0",
        "type": "github"
      },
      "original": {
        "dir": "packages/nix",
        "owner": "SteamClientHomebrew",
        "repo": "Millennium",
        "type": "github"
      }
    },
    "millennium-src": {
      "flake": false,
      "locked": {
        "lastModified": 1783268941,
        "narHash": "sha256-MJLJ0I48HXgfOpISTAbDMYMUdWj9A6M+jGQz4uAvwyw=",
        "owner": "SteamClientHomebrew",
        "repo": "Millennium",
        "rev": "f37f05bdbd4727d873a1ad83ce72d062ef9a0c48",
        "type": "github"
      },
      "original": {
        "owner": "SteamClientHomebrew",
        "repo": "Millennium",
        "rev": "f37f05bdbd4727d873a1ad83ce72d062ef9a0c48",
        "type": "github"
      }
    },
    "minegrub-world-sel-theme": {
      "inputs": {
        "nixpkgs": "nixpkgs"
      },
      "locked": {
        "lastModified": 1777808767,
        "narHash": "sha256-/zj600gnZk+nPYzbqV/4x2vJXJQrc3vVdOxj/oCD5Wk=",
        "owner": "Lxtharia",
        "repo": "minegrub-world-sel-theme",
        "rev": "a64e4aa12d6f4d5dd9c752a7ad6e23e1b2f1a748",
        "type": "github"
      },
      "original": {
        "owner": "Lxtharia",
        "repo": "minegrub-world-sel-theme",
        "type": "github"
      }
    },
    "niri-urayde": {
      "inputs": {
        "nixpkgs": [
          "nixpkgs"
        ]
      },
      "locked": {
        "lastModified": 1785766658,
        "narHash": "sha256-/KLVoWfSRBEvIAkL3zkdb9eAkRaG0Xu2onCxbfEQO0w=",
        "owner": "urayde",
        "repo": "niri",
        "rev": "ebc249329a36628ff290aaaf904c21f1c1833d11",
        "type": "github"
      },
      "original": {
        "owner": "urayde",
        "repo": "niri",
        "type": "github"
      }
    },
    "nix-cachyos-kernel": {
      "inputs": {
        "flake-compat": "flake-compat",
        "flake-parts": "flake-parts_2",
        "nixpkgs": "nixpkgs_2"
      },
      "locked": {
        "lastModified": 1785870829,
        "narHash": "sha256-l+RTmz09TxwWJRLQuc+cKi3yY0K4PSz8tRPTbBUvaVo=",
        "owner": "xddxdd",
        "repo": "nix-cachyos-kernel",
        "rev": "879f45ee15a3b06fdbbf9b6dc825c5fbca137fcd",
        "type": "github"
      },
      "original": {
        "owner": "xddxdd",
        "ref": "release",
        "repo": "nix-cachyos-kernel",
        "type": "github"
      }
    },
    "nix-crab": {
      "inputs": {
        "accela": "accela",
        "cloudredirect": "cloudredirect",
        "cloudredirect-cli": "cloudredirect-cli",
        "cloudredirect-moon": "cloudredirect-moon",
        "luatools-moon": "luatools-moon",
        "lumen": "lumen",
        "millennium": "millennium",
        "nix-flatpak": "nix-flatpak",
        "nixpkgs": "nixpkgs_4",
        "sls-steam": "sls-steam",
        "slsteam-moon": "slsteam-moon",
        "steamidra": "steamidra",
        "steamnetsock": "steamnetsock"
      },
      "locked": {
        "lastModified": 1787040543,
        "narHash": "sha256-It56CWxh2QnE3zu0SO2qbe5+DFPpl1SyzgOwZIX/6iA=",
        "owner": "ItszFinn",
        "repo": "nix-crab",
        "rev": "234bcd92f6f92abf199152cd099da5048885dc8d",
        "type": "github"
      },
      "original": {
        "owner": "ItszFinn",
        "repo": "nix-crab",
        "type": "github"
      }
    },
    "nix-flatpak": {
      "locked": {
        "lastModified": 1783368811,
        "narHash": "sha256-0H8jDwR4Kegb3heaTrH1ftbgKfZVDT8JE+46uXxDy/Q=",
        "owner": "gmodena",
        "repo": "nix-flatpak",
        "rev": "20d42f0ee98c9fe9f85e8d1de474f1409ed10d05",
        "type": "github"
      },
      "original": {
        "owner": "gmodena",
        "repo": "nix-flatpak",
        "type": "github"
      }
    },
    "nixpkgs": {
      "locked": {
        "lastModified": 1719317636,
        "narHash": "sha256-bu0xbu2Z6DDzA9LGV81yJunIti6r7tjUImeR8orAL/I=",
        "owner": "NixOS",
        "repo": "nixpkgs",
        "rev": "9c513fc6fb75142f6aec6b7545cb8af2236b80f5",
        "type": "github"
      },
      "original": {
        "owner": "NixOS",
        "ref": "nixpkgs-unstable",
        "repo": "nixpkgs",
        "type": "github"
      }
    },
    "nixpkgs-lib": {
      "locked": {
        "lastModified": 1785031560,
        "narHash": "sha256-OmshNvn2vupOFpYinLUu+1Dnpu4n7Q5N3ggGVNHpkUI=",
        "owner": "nix-community",
        "repo": "nixpkgs.lib",
        "rev": "0e79af5e3d4dcfcd676ab5ba3f95d2e3352e078c",
        "type": "github"
      },
      "original": {
        "owner": "nix-community",
        "repo": "nixpkgs.lib",
        "type": "github"
      }
    },
    "nixpkgs-lib_2": {
      "locked": {
        "lastModified": 1785031560,
        "narHash": "sha256-OmshNvn2vupOFpYinLUu+1Dnpu4n7Q5N3ggGVNHpkUI=",
        "owner": "nix-community",
        "repo": "nixpkgs.lib",
        "rev": "0e79af5e3d4dcfcd676ab5ba3f95d2e3352e078c",
        "type": "github"
      },
      "original": {
        "owner": "nix-community",
        "repo": "nixpkgs.lib",
        "type": "github"
      }
    },
    "nixpkgs_2": {
      "locked": {
        "lastModified": 1785859399,
        "narHash": "sha256-pY4X50au95QrTpAbEm08pURmeU3/Ud2oa0s2XzpDdz8=",
        "owner": "NixOS",
        "repo": "nixpkgs",
        "rev": "85f62611fa3f3eacbcfe3bc7a6d6518b443ca442",
        "type": "github"
      },
      "original": {
        "owner": "NixOS",
        "ref": "nixos-unstable-small",
        "repo": "nixpkgs",
        "type": "github"
      }
    },
    "nixpkgs_3": {
      "locked": {
        "lastModified": 1781577229,
        "narHash": "sha256-lrp67w8AulE9Ks53n27I45ADSzbOCn4H+CNW1Ck8B+8=",
        "owner": "nixos",
        "repo": "nixpkgs",
        "rev": "567a49d1913ce81ac6e9582e3553dd90a955875f",
        "type": "github"
      },
      "original": {
        "owner": "nixos",
        "repo": "nixpkgs",
        "rev": "567a49d1913ce81ac6e9582e3553dd90a955875f",
        "type": "github"
      }
    },
    "nixpkgs_4": {
      "locked": {
        "lastModified": 1786862985,
        "narHash": "sha256-FBJRXmbGXiSUDvYEbfLYRkckayyZ6SK1UEqhCrIZ2Cs=",
        "owner": "nixos",
        "repo": "nixpkgs",
        "rev": "e5bdc4a41d4c072fe1e3787eaa0320a384741d44",
        "type": "github"
      },
      "original": {
        "owner": "nixos",
        "ref": "nixos-unstable",
        "repo": "nixpkgs",
        "type": "github"
      }
    },
    "nixpkgs_5": {
      "locked": {
        "lastModified": 1785967620,
        "narHash": "sha256-IItrdb7Puk05RqOBWZYFC5X6Wl1sJmCfh5MWVHw5iMM=",
        "owner": "nixos",
        "repo": "nixpkgs",
        "rev": "b7c2ada94fe99c15b0dbcf4d11fd7850b957a436",
        "type": "github"
      },
      "original": {
        "owner": "nixos",
        "ref": "nixos-unstable",
        "repo": "nixpkgs",
        "type": "github"
      }
    },
    "nixpkgs_6": {
      "locked": {
        "lastModified": 1780336545,
        "narHash": "sha256-vhVhuXzFrIOfcssC/9hDHx7MHzDKjF3keHuREOQqQiQ=",
        "owner": "NixOS",
        "repo": "nixpkgs",
        "rev": "4df1b885d76a54e1aa1a318f8d16fd6005b6401f",
        "type": "github"
      },
      "original": {
        "owner": "NixOS",
        "ref": "nixpkgs-unstable",
        "repo": "nixpkgs",
        "type": "github"
      }
    },
    "noctalia": {
      "inputs": {
        "nixpkgs": [
          "nixpkgs"
        ]
      },
      "locked": {
        "lastModified": 1786115669,
        "narHash": "sha256-+UpdMASvCJgEejw4SZbhefk/9oboIDR2s8gezsYjulg=",
        "owner": "noctalia-dev",
        "repo": "noctalia",
        "rev": "e9230c81beb2513e4a4b09884f37e4f22fc246de",
        "type": "github"
      },
      "original": {
        "owner": "noctalia-dev",
        "repo": "noctalia",
        "type": "github"
      }
    },
    "root": {
      "inputs": {
        "disko": "disko",
        "flake-parts": "flake-parts",
        "import-tree": "import-tree",
        "minegrub-world-sel-theme": "minegrub-world-sel-theme",
        "niri-urayde": "niri-urayde",
        "nix-cachyos-kernel": "nix-cachyos-kernel",
        "nix-crab": "nix-crab",
        "nixpkgs": "nixpkgs_5",
        "noctalia": "noctalia",
        "sls-steam": "sls-steam_2",
        "wrapper-modules": "wrapper-modules"
      }
    },
    "sls-steam": {
      "inputs": {
        "nixpkgs": [
          "nix-crab",
          "nixpkgs"
        ]
      },
      "locked": {
        "lastModified": 1786818912,
        "narHash": "sha256-GFRGB8n84MuixVcyKnLRfGKO0YajxOjiEH/a5lixg1Q=",
        "owner": "AceSLS",
        "repo": "SLSsteam",
        "rev": "01a3b1ed08bc8f33fc25ee12d2b6e191a9963b38",
        "type": "github"
      },
      "original": {
        "owner": "AceSLS",
        "repo": "SLSsteam",
        "type": "github"
      }
    },
    "sls-steam_2": {
      "inputs": {
        "nixpkgs": [
          "nixpkgs"
        ]
      },
      "locked": {
        "lastModified": 1787138611,
        "narHash": "sha256-g23pKmww8K//1JohETaUkXgnUpU6xt2rOnBiudxvBFs=",
        "owner": "AceSLS",
        "repo": "SLSsteam",
        "rev": "a258706e1047227b460ee1fd0952ad4f86ad531c",
        "type": "github"
      },
      "original": {
        "owner": "AceSLS",
        "repo": "SLSsteam",
        "type": "github"
      }
    },
    "slsteam-moon": {
      "flake": false,
      "locked": {
        "lastModified": 1786751350,
        "narHash": "sha256-4pFej/xXjar5wJG88NyNhBw5PC68XR+V2O4EEjSWjY8=",
        "owner": "swwayps",
        "repo": "slsteam-moon",
        "rev": "7ba753c8a2a06722e195747756a837b64718d358",
        "type": "github"
      },
      "original": {
        "owner": "swwayps",
        "repo": "slsteam-moon",
        "type": "github"
      }
    },
    "steamidra": {
      "flake": false,
      "locked": {
        "narHash": "sha256-WR+VjtMnNluq576Eq/s+ct8ZUJ1PF74RhYgrVUm8+2c=",
        "type": "file",
        "url": "https://api.github.com/repos/Midrags/SFF/tags"
      },
      "original": {
        "type": "file",
        "url": "https://api.github.com/repos/Midrags/SFF/tags"
      }
    },
    "steamnetsock": {
      "flake": false,
      "locked": {
        "narHash": "sha256-PcdhlMpnCw2WtH6IKahbxb7cDOjjlBzL8rSLAGIVQcw=",
        "type": "file",
        "url": "https://github.com/yesyes0649/steamnetsock-patch/releases/latest/download/fix.so"
      },
      "original": {
        "type": "file",
        "url": "https://github.com/yesyes0649/steamnetsock-patch/releases/latest/download/fix.so"
      }
    },
    "wrapper-modules": {
      "inputs": {
        "nixpkgs": "nixpkgs_6"
      },
      "locked": {
        "lastModified": 1782135443,
        "narHash": "sha256-vAmbArdCyjqpVW+37aCy/PMBOLIqukUXLQuEKLwUhA4=",
        "owner": "BirdeeHub",
        "repo": "nix-wrapper-modules",
        "rev": "6e7f66fa2cdf4d63162580b438f7fcf87c28a46f",
        "type": "github"
      },
      "original": {
        "owner": "BirdeeHub",
        "repo": "nix-wrapper-modules",
        "type": "github"
      }
    }
  },
  "root": "root",
  "version": 7
}
